
Microsoft Visual Studio Solution File, Format Version 12.00
# Visual Studio Version 17
VisualStudioVersion = 17.8.34316.72
MinimumVisualStudioVersion = 10.0.40219.1
Project("{9A19103F-16F7-4668-BE54-9A1E7A4F7556}") = "Mongo", "Mongo.csproj", "{1A2B1EA1-321B-40DD-8A24-C432255F0E90}"
EndProject
Global
	GlobalSection(SolutionConfigurationPlatforms) = preSolution
		Debug|Any CPU = Debug|Any CPU
		Release|Any CPU = Release|Any CPU
	EndGlobalSection
	GlobalSection(ProjectConfigurationPlatforms) = postSolution
		{1A2B1EA1-321B-40DD-8A24-C432255F0E90}.Debug|Any CPU.ActiveCfg = Debug|Any CPU
		{1A2B1EA1-321B-40DD-8A24-C432255F0E90}.Debug|Any CPU.Build.0 = Debug|Any CPU
		{1A2B1EA1-321B-40DD-8A24-C432255F0E90}.Release|Any CPU.ActiveCfg = Release|Any CPU
		{1A2B1EA1-321B-40DD-8A24-C432255F0E90}.Release|Any CPU.Build.0 = Release|Any CPU
	EndGlobalSection
	GlobalSection(SolutionProperties) = preSolution
		HideSolutionNode = FALSE
	EndGlobalSection
	GlobalSection(ExtensibilityGlobals) = postSolution
		SolutionGuid = {36DACDFD-5B10-4E84-9D00-1B2DD64EFE59}
	EndGlobalSection
EndGlobal
